// !$*UTF8*$!
{
	archiveVersion = 1;
	classes = {
	};
	objectVersion = 52;
	objects = {

/* Begin PBXBuildFile section */
		FA112E14253B266A0085A27D /* AppDelegate.swift in Sources */ = {isa = PBXBuildFile; fileRef = FA112E13253B266A0085A27D /* AppDelegate.swift */; };
		FA112E17253B26730085A27D /* Images.xcassets in Resources */ = {isa = PBXBuildFile; fileRef = FA112E16253B26730085A27D /* Images.xcassets */; };
		FA112E1F253B26830085A27D /* ViewController.swift in Sources */ = {isa = PBXBuildFile; fileRef = FA112E1E253B26830085A27D /* ViewController.swift */; };
		FA112E25253B268C0085A27D /* Main.storyboard in Resources */ = {isa = PBXBuildFile; fileRef = FA112E21253B268C0085A27D /* Main.storyboard */; };
		FA112E26253B268C0085A27D /* LaunchScreen.xib in Resources */ = {isa = PBXBuildFile; fileRef = FA112E23253B268C0085A27D /* LaunchScreen.xib */; };
		FA112E56253B27140085A27D /* GoogleService-Info.plist in Resources */ = {isa = PBXBuildFile; fileRef = FA112E55253B27140085A27D /* GoogleService-Info.plist */; };
		FA112E63253B2B1E0085A27D /* RxFireAuth in Frameworks */ = {isa = PBXBuildFile; productRef = FA112E62253B2B1E0085A27D /* RxFireAuth */; };
		FA112EC9253B2D1E0085A27D /* AppDelegate.swift in Sources */ = {isa = PBXBuildFile; fileRef = FA112EBE253B2D1D0085A27D /* AppDelegate.swift */; };
		FA112ECB253B2D1E0085A27D /* Assets.xcassets in Resources */ = {isa = PBXBuildFile; fileRef = FA112EC2253B2D1D0085A27D /* Assets.xcassets */; };
		FA112ECD253B2D1E0085A27D /* Main.storyboard in Resources */ = {isa = PBXBuildFile; fileRef = FA112EC5253B2D1E0085A27D /* Main.storyboard */; };
		FA112ECE253B2D1E0085A27D /* ViewController.swift in Sources */ = {isa = PBXBuildFile; fileRef = FA112EC7253B2D1E0085A27D /* ViewController.swift */; };
		FA112EE5253B2D9D0085A27D /* GoogleService-Info.plist in Resources */ = {isa = PBXBuildFile; fileRef = FA112EE3253B2D9D0085A27D /* GoogleService-Info.plist */; };
		FA112EF5253B2E4C0085A27D /* RxFireAuth in Frameworks */ = {isa = PBXBuildFile; productRef = FA112EF4253B2E4C0085A27D /* RxFireAuth */; };
/* End PBXBuildFile section */

/* Begin PBXFileReference section */
		FA112DFC253B26300085A27D /* RxFireAuth-Example.app */ = {isa = PBXFileReference; explicitFileType = wrapper.application; includeInIndex = 0; path = "RxFireAuth-Example.app"; sourceTree = BUILT_PRODUCTS_DIR; };
		FA112E13253B266A0085A27D /* AppDelegate.swift */ = {isa = PBXFileReference; fileEncoding = 4; lastKnownFileType = sourcecode.swift; name = AppDelegate.swift; path = ../../Example/RxFireAuth/AppDelegate.swift; sourceTree = "<group>"; };
		FA112E16253B26730085A27D /* Images.xcassets */ = {isa = PBXFileReference; lastKnownFileType = folder.assetcatalog; name = Images.xcassets; path = ../../Example/RxFireAuth/Images.xcassets; sourceTree = "<group>"; };
		FA112E1E253B26830085A27D /* ViewController.swift */ = {isa = PBXFileReference; fileEncoding = 4; lastKnownFileType = sourcecode.swift; name = ViewController.swift; path = ../../Example/RxFireAuth/ViewController.swift; sourceTree = "<group>"; };
		FA112E22253B268C0085A27D /* Base */ = {isa = PBXFileReference; lastKnownFileType = file.storyboard; name = Base; path = ../../Example/RxFireAuth/Base.lproj/Main.storyboard; sourceTree = "<group>"; };
		FA112E24253B268C0085A27D /* Base */ = {isa = PBXFileReference; lastKnownFileType = file.xib; name = Base; path = ../../Example/RxFireAuth/Base.lproj/LaunchScreen.xib; sourceTree = "<group>"; };
		FA112E4F253B27010085A27D /* RxFireAuth_Example.entitlements */ = {isa = PBXFileReference; lastKnownFileType = text.plist.entitlements; name = RxFireAuth_Example.entitlements; path = ../../Example/RxFireAuth/RxFireAuth_Example.entitlements; sourceTree = "<group>"; };
		FA112E51253B270B0085A27D /* Info.plist */ = {isa = PBXFileReference; fileEncoding = 4; lastKnownFileType = text.plist.xml; name = Info.plist; path = ../../Example/RxFireAuth/Info.plist; sourceTree = "<group>"; };
		FA112E55253B27140085A27D /* GoogleService-Info.plist */ = {isa = PBXFileReference; fileEncoding = 4; lastKnownFileType = text.plist.xml; name = "GoogleService-Info.plist"; path = "../../Example/RxFireAuth/GoogleService-Info.plist"; sourceTree = "<group>"; };
		FA112E70253B2C0E0085A27D /* LocalAuthentication.framework */ = {isa = PBXFileReference; lastKnownFileType = wrapper.framework; name = LocalAuthentication.framework; path = Platforms/iPhoneOS.platform/Developer/SDKs/iPhoneOS14.0.sdk/System/Library/Frameworks/LocalAuthentication.framework; sourceTree = DEVELOPER_DIR; };
		FA112E71253B2C0E0085A27D /* AuthenticationServices.framework */ = {isa = PBXFileReference; lastKnownFileType = wrapper.framework; name = AuthenticationServices.framework; path = Platforms/iPhoneOS.platform/Developer/SDKs/iPhoneOS14.0.sdk/System/Library/Frameworks/AuthenticationServices.framework; sourceTree = DEVELOPER_DIR; };
		FA112E75253B2C160085A27D /* SafariServices.framework */ = {isa = PBXFileReference; lastKnownFileType = wrapper.framework; name = SafariServices.framework; path = Platforms/iPhoneOS.platform/Developer/SDKs/iPhoneOS14.0.sdk/System/Library/Frameworks/SafariServices.framework; sourceTree = DEVELOPER_DIR; };
		FA112E77253B2C1E0085A27D /* SystemConfiguration.framework */ = {isa = PBXFileReference; lastKnownFileType = wrapper.framework; name = SystemConfiguration.framework; path = Platforms/iPhoneOS.platform/Developer/SDKs/iPhoneOS14.0.sdk/System/Library/Frameworks/SystemConfiguration.framework; sourceTree = DEVELOPER_DIR; };
		FA112E85253B2CF70085A27D /* RxFireAuth-Example-macOS.app */ = {isa = PBXFileReference; explicitFileType = wrapper.application; includeInIndex = 0; path = "RxFireAuth-Example-macOS.app"; sourceTree = BUILT_PRODUCTS_DIR; };
		FA112EBE253B2D1D0085A27D /* AppDelegate.swift */ = {isa = PBXFileReference; fileEncoding = 4; lastKnownFileType = sourcecode.swift; name = AppDelegate.swift; path = "../../Example/RxFireAuth macOS/AppDelegate.swift"; sourceTree = "<group>"; };
		FA112EC2253B2D1D0085A27D /* Assets.xcassets */ = {isa = PBXFileReference; lastKnownFileType = folder.assetcatalog; name = Assets.xcassets; path = "../../Example/RxFireAuth macOS/Assets.xcassets"; sourceTree = "<group>"; };
		FA112EC6253B2D1E0085A27D /* Base */ = {isa = PBXFileReference; lastKnownFileType = file.storyboard; name = Base; path = "../../Example/RxFireAuth macOS/Base.lproj/Main.storyboard"; sourceTree = "<group>"; };
		FA112EC7253B2D1E0085A27D /* ViewController.swift */ = {isa = PBXFileReference; fileEncoding = 4; lastKnownFileType = sourcecode.swift; name = ViewController.swift; path = "../../Example/RxFireAuth macOS/ViewController.swift"; sourceTree = "<group>"; };
		FA112EE1253B2D9D0085A27D /* Info.plist */ = {isa = PBXFileReference; fileEncoding = 4; lastKnownFileType = text.plist.xml; name = Info.plist; path = "../../Example/RxFireAuth macOS/Supporting Files/Info.plist"; sourceTree = "<group>"; };
		FA112EE2253B2D9D0085A27D /* RxFireAuth_Example_macOS.entitlements */ = {isa = PBXFileReference; fileEncoding = 4; lastKnownFileType = text.plist.entitlements; name = RxFireAuth_Example_macOS.entitlements; path = "../../Example/RxFireAuth macOS/Supporting Files/RxFireAuth_Example_macOS.entitlements"; sourceTree = "<group>"; };
		FA112EE3253B2D9D0085A27D /* GoogleService-Info.plist */ = {isa = PBXFileReference; fileEncoding = 4; lastKnownFileType = text.plist.xml; name = "GoogleService-Info.plist"; path = "../../Example/RxFireAuth macOS/GoogleService-Info.plist"; sourceTree = "<group>"; };
/* End PBXFileReference section */

/* Begin PBXFrameworksBuildPhase section */
		FA112DF9253B26300085A27D /* Frameworks */ = {
			isa = PBXFrameworksBuildPhase;
			buildActionMask = 2147483647;
			files = (
				FA112E63253B2B1E0085A27D /* RxFireAuth in Frameworks */,
			);
			runOnlyForDeploymentPostprocessing = 0;
		};
		FA112E82253B2CF70085A27D /* Frameworks */ = {
			isa = PBXFrameworksBuildPhase;
			buildActionMask = 2147483647;
			files = (
				FA112EF5253B2E4C0085A27D /* RxFireAuth in Frameworks */,
			);
			runOnlyForDeploymentPostprocessing = 0;
		};
/* End PBXFrameworksBuildPhase section */

/* Begin PBXGroup section */
		FA112DF1253B25DC0085A27D = {
			isa = PBXGroup;
			children = (
				FA112DFE253B26300085A27D /* RxFireAuth iOS */,
				FA112E86253B2CF70085A27D /* RxFireAuth macOS */,
				FA112DFD253B26300085A27D /* Products */,
				FA112E6F253B2C0E0085A27D /* Frameworks */,
			);
			sourceTree = "<group>";
		};
		FA112DFD253B26300085A27D /* Products */ = {
			isa = PBXGroup;
			children = (
				FA112DFC253B26300085A27D /* RxFireAuth-Example.app */,
				FA112E85253B2CF70085A27D /* RxFireAuth-Example-macOS.app */,
			);
			name = Products;
			sourceTree = "<group>";
		};
		FA112DFE253B26300085A27D /* RxFireAuth iOS */ = {
			isa = PBXGroup;
			children = (
				FA112E13253B266A0085A27D /* AppDelegate.swift */,
				FA112E1E253B26830085A27D /* ViewController.swift */,
				FA112E21253B268C0085A27D /* Main.storyboard */,
				FA112E16253B26730085A27D /* Images.xcassets */,
				FA112E23253B268C0085A27D /* LaunchScreen.xib */,
				FA112E4E253B26C90085A27D /* Supporting Files */,
			);
			path = "RxFireAuth iOS";
			sourceTree = "<group>";
		};
		FA112E4E253B26C90085A27D /* Supporting Files */ = {
			isa = PBXGroup;
			children = (
				FA112E4F253B27010085A27D /* RxFireAuth_Example.entitlements */,
				FA112E55253B27140085A27D /* GoogleService-Info.plist */,
				FA112E51253B270B0085A27D /* Info.plist */,
			);
			name = "Supporting Files";
			sourceTree = "<group>";
		};
		FA112E6F253B2C0E0085A27D /* Frameworks */ = {
			isa = PBXGroup;
			children = (
				FA112E77253B2C1E0085A27D /* SystemConfiguration.framework */,
				FA112E75253B2C160085A27D /* SafariServices.framework */,
				FA112E71253B2C0E0085A27D /* AuthenticationServices.framework */,
				FA112E70253B2C0E0085A27D /* LocalAuthentication.framework */,
			);
			name = Frameworks;
			sourceTree = "<group>";
		};
		FA112E86253B2CF70085A27D /* RxFireAuth macOS */ = {
			isa = PBXGroup;
			children = (
				FA112EBE253B2D1D0085A27D /* AppDelegate.swift */,
				FA112EC7253B2D1E0085A27D /* ViewController.swift */,
				FA112EC5253B2D1E0085A27D /* Main.storyboard */,
				FA112EC2253B2D1D0085A27D /* Assets.xcassets */,
				FA112EDC253B2D8A0085A27D /* Supporting Files */,
			);
			path = "RxFireAuth macOS";
			sourceTree = "<group>";
		};
		FA112EDC253B2D8A0085A27D /* Supporting Files */ = {
			isa = PBXGroup;
			children = (
				FA112EE2253B2D9D0085A27D /* RxFireAuth_Example_macOS.entitlements */,
				FA112EE3253B2D9D0085A27D /* GoogleService-Info.plist */,
				FA112EE1253B2D9D0085A27D /* Info.plist */,
			);
			name = "Supporting Files";
			sourceTree = "<group>";
		};
/* End PBXGroup section */

/* Begin PBXNativeTarget section */
		FA112DFB253B26300085A27D /* RxFireAuth-Example */ = {
			isa = PBXNativeTarget;
			buildConfigurationList = FA112E10253B26310085A27D /* Build configuration list for PBXNativeTarget "RxFireAuth-Example" */;
			buildPhases = (
				FA112DF8253B26300085A27D /* Sources */,
				FA112DF9253B26300085A27D /* Frameworks */,
				FA112DFA253B26300085A27D /* Resources */,
			);
			buildRules = (
			);
			dependencies = (
			);
			name = "RxFireAuth-Example";
			packageProductDependencies = (
				FA112E62253B2B1E0085A27D /* RxFireAuth */,
			);
			productName = "RxFireAuth-Example";
			productReference = FA112DFC253B26300085A27D /* RxFireAuth-Example.app */;
			productType = "com.apple.product-type.application";
		};
		FA112E84253B2CF70085A27D /* RxFireAuth-Example-macOS */ = {
			isa = PBXNativeTarget;
			buildConfigurationList = FA112E94253B2CF80085A27D /* Build configuration list for PBXNativeTarget "RxFireAuth-Example-macOS" */;
			buildPhases = (
				FA112E81253B2CF70085A27D /* Sources */,
				FA112E82253B2CF70085A27D /* Frameworks */,
				FA112E83253B2CF70085A27D /* Resources */,
			);
			buildRules = (
			);
			dependencies = (
			);
			name = "RxFireAuth-Example-macOS";
			packageProductDependencies = (
				FA112EF4253B2E4C0085A27D /* RxFireAuth */,
			);
			productName = "RxFireAuth-Example-macOS";
			productReference = FA112E85253B2CF70085A27D /* RxFireAuth-Example-macOS.app */;
			productType = "com.apple.product-type.application";
		};
/* End PBXNativeTarget section */

/* Begin PBXProject section */
		FA112DF2253B25DC0085A27D /* Project object */ = {
			isa = PBXProject;
			attributes = {
				LastSwiftUpdateCheck = 1200;
				LastUpgradeCheck = 1200;
				TargetAttributes = {
					FA112DFB253B26300085A27D = {
						CreatedOnToolsVersion = 12.0;
						LastSwiftMigration = 1200;
					};
					FA112E84253B2CF70085A27D = {
						CreatedOnToolsVersion = 12.0;
						LastSwiftMigration = 1200;
					};
				};
			};
			buildConfigurationList = FA112DF5253B25DC0085A27D /* Build configuration list for PBXProject "RxFireAuth" */;
			compatibilityVersion = "Xcode 9.3";
			developmentRegion = en;
			hasScannedForEncodings = 0;
			knownRegions = (
				en,
				Base,
			);
			mainGroup = FA112DF1253B25DC0085A27D;
			packageReferences = (
				FA112E61253B2B1E0085A27D /* XCRemoteSwiftPackageReference "RxFireAuth" */,
			);
			productRefGroup = FA112DFD253B26300085A27D /* Products */;
			projectDirPath = "";
			projectRoot = "";
			targets = (
				FA112DFB253B26300085A27D /* RxFireAuth-Example */,
				FA112E84253B2CF70085A27D /* RxFireAuth-Example-macOS */,
			);
		};
/* End PBXProject section */

/* Begin PBXResourcesBuildPhase section */
		FA112DFA253B26300085A27D /* Resources */ = {
			isa = PBXResourcesBuildPhase;
			buildActionMask = 2147483647;
			files = (
				FA112E26253B268C0085A27D /* LaunchScreen.xib in Resources */,
				FA112E56253B27140085A27D /* GoogleService-Info.plist in Resources */,
				FA112E25253B268C0085A27D /* Main.storyboard in Resources */,
				FA112E17253B26730085A27D /* Images.xcassets in Resources */,
			);
			runOnlyForDeploymentPostprocessing = 0;
		};
		FA112E83253B2CF70085A27D /* Resources */ = {
			isa = PBXResourcesBuildPhase;
			buildActionMask = 2147483647;
			files = (
				FA112ECD253B2D1E0085A27D /* Main.storyboard in Resources */,
				FA112EE5253B2D9D0085A27D /* GoogleService-Info.plist in Resources */,
				FA112ECB253B2D1E0085A27D /* Assets.xcassets in Resources */,
			);
			runOnlyForDeploymentPostprocessing = 0;
		};
/* End PBXResourcesBuildPhase section */

/* Begin PBXSourcesBuildPhase section */
		FA112DF8253B26300085A27D /* Sources */ = {
			isa = PBXSourcesBuildPhase;
			buildActionMask = 2147483647;
			files = (
				FA112E1F253B26830085A27D /* ViewController.swift in Sources */,
				FA112E14253B266A0085A27D /* AppDelegate.swift in Sources */,
			);
			runOnlyForDeploymentPostprocessing = 0;
		};
		FA112E81253B2CF70085A27D /* Sources */ = {
			isa = PBXSourcesBuildPhase;
			buildActionMask = 2147483647;
			files = (
				FA112ECE253B2D1E0085A27D /* ViewController.swift in Sources */,
				FA112EC9253B2D1E0085A27D /* AppDelegate.swift in Sources */,
			);
			runOnlyForDeploymentPostprocessing = 0;
		};
/* End PBXSourcesBuildPhase section */

/* Begin PBXVariantGroup section */
		FA112E21253B268C0085A27D /* Main.storyboard */ = {
			isa = PBXVariantGroup;
			children = (
				FA112E22253B268C0085A27D /* Base */,
			);
			name = Main.storyboard;
			sourceTree = "<group>";
		};
		FA112E23253B268C0085A27D /* LaunchScreen.xib */ = {
			isa = PBXVariantGroup;
			children = (
				FA112E24253B268C0085A27D /* Base */,
			);
			name = LaunchScreen.xib;
			sourceTree = "<group>";
		};
		FA112EC5253B2D1E0085A27D /* Main.storyboard */ = {
			isa = PBXVariantGroup;
			children = (
				FA112EC6253B2D1E0085A27D /* Base */,
			);
			name = Main.storyboard;
			sourceTree = "<group>";
		};
/* End PBXVariantGroup section */

/* Begin XCBuildConfiguration section */
		FA112DF6253B25DC0085A27D /* Debug */ = {
			isa = XCBuildConfiguration;
			buildSettings = {
				IPHONEOS_DEPLOYMENT_TARGET = 9.0;
				MACOSX_DEPLOYMENT_TARGET = 10.11;
			};
			name = Debug;
		};
		FA112DF7253B25DC0085A27D /* Release */ = {
			isa = XCBuildConfiguration;
			buildSettings = {
				IPHONEOS_DEPLOYMENT_TARGET = 9.0;
				MACOSX_DEPLOYMENT_TARGET = 10.11;
			};
			name = Release;
		};
		FA112E0E253B26310085A27D /* Debug */ = {
			isa = XCBuildConfiguration;
			buildSettings = {
				ALWAYS_SEARCH_USER_PATHS = NO;
				ASSETCATALOG_COMPILER_APPICON_NAME = AppIcon;
				ASSETCATALOG_COMPILER_GLOBAL_ACCENT_COLOR_NAME = AccentColor;
				CLANG_ANALYZER_NONNULL = YES;
				CLANG_ANALYZER_NUMBER_OBJECT_CONVERSION = YES_AGGRESSIVE;
				CLANG_CXX_LANGUAGE_STANDARD = "gnu++14";
				CLANG_CXX_LIBRARY = "libc++";
				CLANG_ENABLE_MODULES = YES;
				CLANG_ENABLE_OBJC_ARC = YES;
				CLANG_ENABLE_OBJC_WEAK = YES;
				CLANG_WARN_BLOCK_CAPTURE_AUTORELEASING = YES;
				CLANG_WARN_BOOL_CONVERSION = YES;
				CLANG_WARN_COMMA = YES;
				CLANG_WARN_CONSTANT_CONVERSION = YES;
				CLANG_WARN_DEPRECATED_OBJC_IMPLEMENTATIONS = YES;
				CLANG_WARN_DIRECT_OBJC_ISA_USAGE = YES_ERROR;
				CLANG_WARN_DOCUMENTATION_COMMENTS = YES;
				CLANG_WARN_EMPTY_BODY = YES;
				CLANG_WARN_ENUM_CONVERSION = YES;
				CLANG_WARN_INFINITE_RECURSION = YES;
				CLANG_WARN_INT_CONVERSION = YES;
				CLANG_WARN_NON_LITERAL_NULL_CONVERSION = YES;
				CLANG_WARN_OBJC_IMPLICIT_RETAIN_SELF = YES;
				CLANG_WARN_OBJC_LITERAL_CONVERSION = YES;
				CLANG_WARN_OBJC_ROOT_CLASS = YES_ERROR;
				CLANG_WARN_QUOTED_INCLUDE_IN_FRAMEWORK_HEADER = YES;
				CLANG_WARN_RANGE_LOOP_ANALYSIS = YES;
				CLANG_WARN_STRICT_PROTOTYPES = YES;
				CLANG_WARN_SUSPICIOUS_MOVE = YES;
				CLANG_WARN_UNGUARDED_AVAILABILITY = YES_AGGRESSIVE;
				CLANG_WARN_UNREACHABLE_CODE = YES;
				CLANG_WARN__DUPLICATE_METHOD_MATCH = YES;
				CODE_SIGN_ENTITLEMENTS = ../Example/RxFireAuth/RxFireAuth_Example.entitlements;
				CODE_SIGN_STYLE = Automatic;
				COPY_PHASE_STRIP = NO;
				DEBUG_INFORMATION_FORMAT = dwarf;
				DEVELOPMENT_TEAM = 43C9YP2S4Y;
				ENABLE_STRICT_OBJC_MSGSEND = YES;
				ENABLE_TESTABILITY = YES;
				FRAMEWORK_SEARCH_PATHS = (
					"$(inherited)",
					"$(PROJECT_DIR)/RxFireAuth\\ iOS",
					"$(PROJECT_DIR)/RxFireAuth\\ iOS",
				);
				GCC_C_LANGUAGE_STANDARD = gnu11;
				GCC_DYNAMIC_NO_PIC = NO;
				GCC_NO_COMMON_BLOCKS = YES;
				GCC_OPTIMIZATION_LEVEL = 0;
				GCC_PREPROCESSOR_DEFINITIONS = (
					"DEBUG=1",
					"$(inherited)",
				);
				GCC_WARN_64_TO_32_BIT_CONVERSION = YES;
				GCC_WARN_ABOUT_RETURN_TYPE = YES_ERROR;
				GCC_WARN_UNDECLARED_SELECTOR = YES;
				GCC_WARN_UNINITIALIZED_AUTOS = YES_AGGRESSIVE;
				GCC_WARN_UNUSED_FUNCTION = YES;
				GCC_WARN_UNUSED_VARIABLE = YES;
				INFOPLIST_FILE = ../Example/RxFireAuth/Info.plist;
				IPHONEOS_DEPLOYMENT_TARGET = 9.0;
				LD_RUNPATH_SEARCH_PATHS = (
					"$(inherited)",
					"@executable_path/Frameworks",
				);
				MTL_ENABLE_DEBUG_INFO = INCLUDE_SOURCE;
				MTL_FAST_MATH = YES;
				ONLY_ACTIVE_ARCH = YES;
				OTHER_LDFLAGS = "$(OTHER_LDFLAGS)";
				PRODUCT_BUNDLE_IDENTIFIER = "io.mrasterisco.github.RxFireAuth-Example";
				PRODUCT_NAME = "$(TARGET_NAME)";
				SDKROOT = iphoneos;
				SWIFT_ACTIVE_COMPILATION_CONDITIONS = DEBUG;
				SWIFT_OPTIMIZATION_LEVEL = "-Onone";
				SWIFT_VERSION = 5.0;
				TARGETED_DEVICE_FAMILY = 1;
			};
			name = Debug;
		};
		FA112E0F253B26310085A27D /* Release */ = {
			isa = XCBuildConfiguration;
			buildSettings = {
				ALWAYS_SEARCH_USER_PATHS = NO;
				ASSETCATALOG_COMPILER_APPICON_NAME = AppIcon;
				ASSETCATALOG_COMPILER_GLOBAL_ACCENT_COLOR_NAME = AccentColor;
				CLANG_ANALYZER_NONNULL = YES;
				CLANG_ANALYZER_NUMBER_OBJECT_CONVERSION = YES_AGGRESSIVE;
				CLANG_CXX_LANGUAGE_STANDARD = "gnu++14";
				CLANG_CXX_LIBRARY = "libc++";
				CLANG_ENABLE_MODULES = YES;
				CLANG_ENABLE_OBJC_ARC = YES;
				CLANG_ENABLE_OBJC_WEAK = YES;
				CLANG_WARN_BLOCK_CAPTURE_AUTORELEASING = YES;
				CLANG_WARN_BOOL_CONVERSION = YES;
				CLANG_WARN_COMMA = YES;
				CLANG_WARN_CONSTANT_CONVERSION = YES;
				CLANG_WARN_DEPRECATED_OBJC_IMPLEMENTATIONS = YES;
				CLANG_WARN_DIRECT_OBJC_ISA_USAGE = YES_ERROR;
				CLANG_WARN_DOCUMENTATION_COMMENTS = YES;
				CLANG_WARN_EMPTY_BODY = YES;
				CLANG_WARN_ENUM_CONVERSION = YES;
				CLANG_WARN_INFINITE_RECURSION = YES;
				CLANG_WARN_INT_CONVERSION = YES;
				CLANG_WARN_NON_LITERAL_NULL_CONVERSION = YES;
				CLANG_WARN_OBJC_IMPLICIT_RETAIN_SELF = YES;
				CLANG_WARN_OBJC_LITERAL_CONVERSION = YES;
				CLANG_WARN_OBJC_ROOT_CLASS = YES_ERROR;
				CLANG_WARN_QUOTED_INCLUDE_IN_FRAMEWORK_HEADER = YES;
				CLANG_WARN_RANGE_LOOP_ANALYSIS = YES;
				CLANG_WARN_STRICT_PROTOTYPES = YES;
				CLANG_WARN_SUSPICIOUS_MOVE = YES;
				CLANG_WARN_UNGUARDED_AVAILABILITY = YES_AGGRESSIVE;
				CLANG_WARN_UNREACHABLE_CODE = YES;
				CLANG_WARN__DUPLICATE_METHOD_MATCH = YES;
				CODE_SIGN_ENTITLEMENTS = ../Example/RxFireAuth/RxFireAuth_Example.entitlements;
				CODE_SIGN_STYLE = Automatic;
				COPY_PHASE_STRIP = NO;
				DEBUG_INFORMATION_FORMAT = "dwarf-with-dsym";
				DEVELOPMENT_TEAM = 43C9YP2S4Y;
				ENABLE_NS_ASSERTIONS = NO;
				ENABLE_STRICT_OBJC_MSGSEND = YES;
				FRAMEWORK_SEARCH_PATHS = (
					"$(inherited)",
					"$(PROJECT_DIR)/RxFireAuth\\ iOS",
					"$(PROJECT_DIR)/RxFireAuth\\ iOS",
				);
				GCC_C_LANGUAGE_STANDARD = gnu11;
				GCC_NO_COMMON_BLOCKS = YES;
				GCC_WARN_64_TO_32_BIT_CONVERSION = YES;
				GCC_WARN_ABOUT_RETURN_TYPE = YES_ERROR;
				GCC_WARN_UNDECLARED_SELECTOR = YES;
				GCC_WARN_UNINITIALIZED_AUTOS = YES_AGGRESSIVE;
				GCC_WARN_UNUSED_FUNCTION = YES;
				GCC_WARN_UNUSED_VARIABLE = YES;
				INFOPLIST_FILE = ../Example/RxFireAuth/Info.plist;
				IPHONEOS_DEPLOYMENT_TARGET = 9.0;
				LD_RUNPATH_SEARCH_PATHS = (
					"$(inherited)",
					"@executable_path/Frameworks",
				);
				MTL_ENABLE_DEBUG_INFO = NO;
				MTL_FAST_MATH = YES;
				OTHER_LDFLAGS = "$(OTHER_LDFLAGS)";
				PRODUCT_BUNDLE_IDENTIFIER = "io.mrasterisco.github.RxFireAuth-Example";
				PRODUCT_NAME = "$(TARGET_NAME)";
				SDKROOT = iphoneos;
				SWIFT_COMPILATION_MODE = wholemodule;
				SWIFT_OPTIMIZATION_LEVEL = "-O";
				SWIFT_VERSION = 5.0;
				TARGETED_DEVICE_FAMILY = 1;
				VALIDATE_PRODUCT = YES;
			};
			name = Release;
		};
		FA112E92253B2CF80085A27D /* Debug */ = {
			isa = XCBuildConfiguration;
			buildSettings = {
				ALWAYS_SEARCH_USER_PATHS = NO;
				ASSETCATALOG_COMPILER_APPICON_NAME = AppIcon;
				ASSETCATALOG_COMPILER_GLOBAL_ACCENT_COLOR_NAME = AccentColor;
				CLANG_ANALYZER_NONNULL = YES;
				CLANG_ANALYZER_NUMBER_OBJECT_CONVERSION = YES_AGGRESSIVE;
				CLANG_CXX_LANGUAGE_STANDARD = "gnu++14";
				CLANG_CXX_LIBRARY = "libc++";
				CLANG_ENABLE_MODULES = YES;
				CLANG_ENABLE_OBJC_ARC = YES;
				CLANG_ENABLE_OBJC_WEAK = YES;
				CLANG_WARN_BLOCK_CAPTURE_AUTORELEASING = YES;
				CLANG_WARN_BOOL_CONVERSION = YES;
				CLANG_WARN_COMMA = YES;
				CLANG_WARN_CONSTANT_CONVERSION = YES;
				CLANG_WARN_DEPRECATED_OBJC_IMPLEMENTATIONS = YES;
				CLANG_WARN_DIRECT_OBJC_ISA_USAGE = YES_ERROR;
				CLANG_WARN_DOCUMENTATION_COMMENTS = YES;
				CLANG_WARN_EMPTY_BODY = YES;
				CLANG_WARN_ENUM_CONVERSION = YES;
				CLANG_WARN_INFINITE_RECURSION = YES;
				CLANG_WARN_INT_CONVERSION = YES;
				CLANG_WARN_NON_LITERAL_NULL_CONVERSION = YES;
				CLANG_WARN_OBJC_IMPLICIT_RETAIN_SELF = YES;
				CLANG_WARN_OBJC_LITERAL_CONVERSION = YES;
				CLANG_WARN_OBJC_ROOT_CLASS = YES_ERROR;
				CLANG_WARN_QUOTED_INCLUDE_IN_FRAMEWORK_HEADER = YES;
				CLANG_WARN_RANGE_LOOP_ANALYSIS = YES;
				CLANG_WARN_STRICT_PROTOTYPES = YES;
				CLANG_WARN_SUSPICIOUS_MOVE = YES;
				CLANG_WARN_UNGUARDED_AVAILABILITY = YES_AGGRESSIVE;
				CLANG_WARN_UNREACHABLE_CODE = YES;
				CLANG_WARN__DUPLICATE_METHOD_MATCH = YES;
				CODE_SIGN_ENTITLEMENTS = "../Example/RxFireAuth macOS/Supporting Files/RxFireAuth_Example_macOS.entitlements";
				CODE_SIGN_STYLE = Automatic;
				COMBINE_HIDPI_IMAGES = YES;
				COPY_PHASE_STRIP = NO;
				DEBUG_INFORMATION_FORMAT = dwarf;
				DEVELOPMENT_TEAM = 43C9YP2S4Y;
				ENABLE_HARDENED_RUNTIME = YES;
				ENABLE_STRICT_OBJC_MSGSEND = YES;
				ENABLE_TESTABILITY = YES;
				GCC_C_LANGUAGE_STANDARD = gnu11;
				GCC_DYNAMIC_NO_PIC = NO;
				GCC_NO_COMMON_BLOCKS = YES;
				GCC_OPTIMIZATION_LEVEL = 0;
				GCC_PREPROCESSOR_DEFINITIONS = (
					"DEBUG=1",
					"$(inherited)",
				);
				GCC_WARN_64_TO_32_BIT_CONVERSION = YES;
				GCC_WARN_ABOUT_RETURN_TYPE = YES_ERROR;
				GCC_WARN_UNDECLARED_SELECTOR = YES;
				GCC_WARN_UNINITIALIZED_AUTOS = YES_AGGRESSIVE;
				GCC_WARN_UNUSED_FUNCTION = YES;
				GCC_WARN_UNUSED_VARIABLE = YES;
				INFOPLIST_FILE = "../Example/RxFireAuth macOS/Supporting Files/Info.plist";
				LD_RUNPATH_SEARCH_PATHS = (
					"$(inherited)",
					"@executable_path/../Frameworks",
				);
				MTL_ENABLE_DEBUG_INFO = INCLUDE_SOURCE;
				MTL_FAST_MATH = YES;
				ONLY_ACTIVE_ARCH = YES;
				PRODUCT_BUNDLE_IDENTIFIER = "io.mrasterisco.github.RxFireAuth-Example-macOS";
				PRODUCT_NAME = "$(TARGET_NAME)";
				SDKROOT = macosx;
				SWIFT_ACTIVE_COMPILATION_CONDITIONS = DEBUG;
				SWIFT_OPTIMIZATION_LEVEL = "-Onone";
				SWIFT_VERSION = 5.0;
			};
			name = Debug;
		};
		FA112E93253B2CF80085A27D /* Release */ = {
			isa = XCBuildConfiguration;
			buildSettings = {
				ALWAYS_SEARCH_USER_PATHS = NO;
				ASSETCATALOG_COMPILER_APPICON_NAME = AppIcon;
				ASSETCATALOG_COMPILER_GLOBAL_ACCENT_COLOR_NAME = AccentColor;
				CLANG_ANALYZER_NONNULL = YES;
				CLANG_ANALYZER_NUMBER_OBJECT_CONVERSION = YES_AGGRESSIVE;
				CLANG_CXX_LANGUAGE_STANDARD = "gnu++14";
				CLANG_CXX_LIBRARY = "libc++";
				CLANG_ENABLE_MODULES = YES;
				CLANG_ENABLE_OBJC_ARC = YES;
				CLANG_ENABLE_OBJC_WEAK = YES;
				CLANG_WARN_BLOCK_CAPTURE_AUTORELEASING = YES;
				CLANG_WARN_BOOL_CONVERSION = YES;
				CLANG_WARN_COMMA = YES;
				CLANG_WARN_CONSTANT_CONVERSION = YES;
				CLANG_WARN_DEPRECATED_OBJC_IMPLEMENTATIONS = YES;
				CLANG_WARN_DIRECT_OBJC_ISA_USAGE = YES_ERROR;
				CLANG_WARN_DOCUMENTATION_COMMENTS = YES;
				CLANG_WARN_EMPTY_BODY = YES;
				CLANG_WARN_ENUM_CONVERSION = YES;
				CLANG_WARN_INFINITE_RECURSION = YES;
				CLANG_WARN_INT_CONVERSION = YES;
				CLANG_WARN_NON_LITERAL_NULL_CONVERSION = YES;
				CLANG_WARN_OBJC_IMPLICIT_RETAIN_SELF = YES;
				CLANG_WARN_OBJC_LITERAL_CONVERSION = YES;
				CLANG_WARN_OBJC_ROOT_CLASS = YES_ERROR;
				CLANG_WARN_QUOTED_INCLUDE_IN_FRAMEWORK_HEADER = YES;
				CLANG_WARN_RANGE_LOOP_ANALYSIS = YES;
				CLANG_WARN_STRICT_PROTOTYPES = YES;
				CLANG_WARN_SUSPICIOUS_MOVE = YES;
				CLANG_WARN_UNGUARDED_AVAILABILITY = YES_AGGRESSIVE;
				CLANG_WARN_UNREACHABLE_CODE = YES;
				CLANG_WARN__DUPLICATE_METHOD_MATCH = YES;
				CODE_SIGN_ENTITLEMENTS = "../Example/RxFireAuth macOS/Supporting Files/RxFireAuth_Example_macOS.entitlements";
				CODE_SIGN_STYLE = Automatic;
				COMBINE_HIDPI_IMAGES = YES;
				COPY_PHASE_STRIP = NO;
				DEBUG_INFORMATION_FORMAT = "dwarf-with-dsym";
				DEVELOPMENT_TEAM = 43C9YP2S4Y;
				ENABLE_HARDENED_RUNTIME = YES;
				ENABLE_NS_ASSERTIONS = NO;
				ENABLE_STRICT_OBJC_MSGSEND = YES;
				GCC_C_LANGUAGE_STANDARD = gnu11;
				GCC_NO_COMMON_BLOCKS = YES;
				GCC_WARN_64_TO_32_BIT_CONVERSION = YES;
				GCC_WARN_ABOUT_RETURN_TYPE = YES_ERROR;
				GCC_WARN_UNDECLARED_SELECTOR = YES;
				GCC_WARN_UNINITIALIZED_AUTOS = YES_AGGRESSIVE;
				GCC_WARN_UNUSED_FUNCTION = YES;
				GCC_WARN_UNUSED_VARIABLE = YES;
				INFOPLIST_FILE = "../Example/RxFireAuth macOS/Supporting Files/Info.plist";
				LD_RUNPATH_SEARCH_PATHS = (
					"$(inherited)",
					"@executable_path/../Frameworks",
				);
				MTL_ENABLE_DEBUG_INFO = NO;
				MTL_FAST_MATH = YES;
				PRODUCT_BUNDLE_IDENTIFIER = "io.mrasterisco.github.RxFireAuth-Example-macOS";
				PRODUCT_NAME = "$(TARGET_NAME)";
				SDKROOT = macosx;
				SWIFT_COMPILATION_MODE = wholemodule;
				SWIFT_OPTIMIZATION_LEVEL = "-O";
				SWIFT_VERSION = 5.0;
			};
			name = Release;
		};
/* End XCBuildConfiguration section */

/* Begin XCConfigurationList section */
		FA112DF5253B25DC0085A27D /* Build configuration list for PBXProject "RxFireAuth" */ = {
			isa = XCConfigurationList;
			buildConfigurations = (
				FA112DF6253B25DC0085A27D /* Debug */,
				FA112DF7253B25DC0085A27D /* Release */,
			);
			defaultConfigurationIsVisible = 0;
			defaultConfigurationName = Release;
		};
		FA112E10253B26310085A27D /* Build configuration list for PBXNativeTarget "RxFireAuth-Example" */ = {
			isa = XCConfigurationList;
			buildConfigurations = (
				FA112E0E253B26310085A27D /* Debug */,
				FA112E0F253B26310085A27D /* Release */,
			);
			defaultConfigurationIsVisible = 0;
			defaultConfigurationName = Release;
		};
		FA112E94253B2CF80085A27D /* Build configuration list for PBXNativeTarget "RxFireAuth-Example-macOS" */ = {
			isa = XCConfigurationList;
			buildConfigurations = (
				FA112E92253B2CF80085A27D /* Debug */,
				FA112E93253B2CF80085A27D /* Release */,
			);
			defaultConfigurationIsVisible = 0;
			defaultConfigurationName = Release;
		};
/* End XCConfigurationList section */

/* Begin XCRemoteSwiftPackageReference section */
		FA112E61253B2B1E0085A27D /* XCRemoteSwiftPackageReference "RxFireAuth" */ = {
			isa = XCRemoteSwiftPackageReference;
			repositoryURL = "https://github.com/MrAsterisco/RxFireAuth";
			requirement = {
				branch = feature/swiftPM;
				kind = branch;
			};
		};
/* End XCRemoteSwiftPackageReference section */

/* Begin XCSwiftPackageProductDependency section */
		FA112E62253B2B1E0085A27D /* RxFireAuth */ = {
			isa = XCSwiftPackageProductDependency;
			package = FA112E61253B2B1E0085A27D /* XCRemoteSwiftPackageReference "RxFireAuth" */;
			productName = RxFireAuth;
		};
		FA112EF4253B2E4C0085A27D /* RxFireAuth */ = {
			isa = XCSwiftPackageProductDependency;
			package = FA112E61253B2B1E0085A27D /* XCRemoteSwiftPackageReference "RxFireAuth" */;
			productName = RxFireAuth;
		};
/* End XCSwiftPackageProductDependency section */
	};
	rootObject = FA112DF2253B25DC0085A27D /* Project object */;
}
